
Microsoft Visual Studio Solution File, Format Version 11.00
# Visual Studio 2010
Project("{FAE04EC0-301F-11D3-BF4B-00C04F79EFBC}") = "Assembly-CSharp", "Assembly-CSharp.csproj", "{AEA31F1F-373B-C889-4C02-6B99D563BF92}"
EndProject
Global
	GlobalSection(SolutionConfigurationPlatforms) = preSolution
		Debug|Any CPU = Debug|Any CPU
		Release|Any CPU = Release|Any CPU
	EndGlobalSection
	GlobalSection(ProjectConfigurationPlatforms) = postSolution
		{AEA31F1F-373B-C889-4C02-6B99D563BF92}.Debug|Any CPU.ActiveCfg = Debug|Any CPU
		{AEA31F1F-373B-C889-4C02-6B99D563BF92}.Debug|Any CPU.Build.0 = Debug|Any CPU
		{AEA31F1F-373B-C889-4C02-6B99D563BF92}.Release|Any CPU.ActiveCfg = Release|Any CPU
		{AEA31F1F-373B-C889-4C02-6B99D563BF92}.Release|Any CPU.Build.0 = Release|Any CPU
	EndGlobalSection
	GlobalSection(SolutionProperties) = preSolution
		HideSolutionNode = FALSE
	EndGlobalSection
	GlobalSection(MonoDevelopProperties) = preSolution
		StartupItem = Assembly-CSharp.csproj
	EndGlobalSection
EndGlobal
